
Microsoft Visual Studio Solution File, Format Version 12.00
# Visual Studio Version 17
VisualStudioVersion = 17.13.35828.75 d17.13
MinimumVisualStudioVersion = 10.0.40219.1
Project("{FAE04EC0-301F-11D3-BF4B-00C04F79EFBC}") = "BlogProject", "BlogProject.csproj", "{A7288ED8-96A8-43D6-8826-82F66CDBDA9E}"
EndProject
Global
	GlobalSection(SolutionConfigurationPlatforms) = preSolution
		Debug|Any CPU = Debug|Any CPU
		Release|Any CPU = Release|Any CPU
	EndGlobalSection
	GlobalSection(ProjectConfigurationPlatforms) = postSolution
		{A7288ED8-96A8-43D6-8826-82F66CDBDA9E}.Debug|Any CPU.ActiveCfg = Debug|Any CPU
		{A7288ED8-96A8-43D6-8826-82F66CDBDA9E}.Debug|Any CPU.Build.0 = Debug|Any CPU
		{A7288ED8-96A8-43D6-8826-82F66CDBDA9E}.Release|Any CPU.ActiveCfg = Release|Any CPU
		{A7288ED8-96A8-43D6-8826-82F66CDBDA9E}.Release|Any CPU.Build.0 = Release|Any CPU
	EndGlobalSection
	GlobalSection(SolutionProperties) = preSolution
		HideSolutionNode = FALSE
	EndGlobalSection
	GlobalSection(ExtensibilityGlobals) = postSolution
		SolutionGuid = {CFD03654-3A8B-4A18-AF50-F648C0E50F98}
	EndGlobalSection
EndGlobal
